
Microsoft Visual Studio Solution File, Format Version 12.00
# Visual Studio Version 17
VisualStudioVersion = 17.7.34018.315
MinimumVisualStudioVersion = 10.0.40219.1
Project("{FAE04EC0-301F-11D3-BF4B-00C04F79EFBC}") = "First_App", "First_App\First_App.csproj", "{6743170A-6773-4ABD-8734-53CDC0AF5E53}"
EndProject
Global
	GlobalSection(SolutionConfigurationPlatforms) = preSolution
		Debug|Any CPU = Debug|Any CPU
		Release|Any CPU = Release|Any CPU
	EndGlobalSection
	GlobalSection(ProjectConfigurationPlatforms) = postSolution
		{6743170A-6773-4ABD-8734-53CDC0AF5E53}.Debug|Any CPU.ActiveCfg = Debug|Any CPU
		{6743170A-6773-4ABD-8734-53CDC0AF5E53}.Debug|Any CPU.Build.0 = Debug|Any CPU
		{6743170A-6773-4ABD-8734-53CDC0AF5E53}.Release|Any CPU.ActiveCfg = Release|Any CPU
		{6743170A-6773-4ABD-8734-53CDC0AF5E53}.Release|Any CPU.Build.0 = Release|Any CPU
	EndGlobalSection
	GlobalSection(SolutionProperties) = preSolution
		HideSolutionNode = FALSE
	EndGlobalSection
	GlobalSection(ExtensibilityGlobals) = postSolution
		SolutionGuid = {599B0A7D-D14A-4F77-88B1-536DC4499C34}
	EndGlobalSection
EndGlobal
